
Microsoft Visual Studio Solution File, Format Version 12.00
# Visual Studio Version 17
VisualStudioVersion = 17.6.33829.357
MinimumVisualStudioVersion = 10.0.40219.1
Project("{FAE04EC0-301F-11D3-BF4B-00C04F79EFBC}") = "sharposkrnl", "sharposkrnl\sharposkrnl.csproj", "{4CC19486-8C1C-49E3-B558-7286D9A6A4D8}"
EndProject
Project("{FAE04EC0-301F-11D3-BF4B-00C04F79EFBC}") = "Boot", "Boot\Boot.csproj", "{07984D40-2086-4328-993E-76D6AEF94025}"
EndProject
Project("{FAE04EC0-301F-11D3-BF4B-00C04F79EFBC}") = "SharpOS.API", "SharpOS.API\SharpOS.API.csproj", "{DF8FB250-7306-4519-A5D5-9CABBD6491DC}"
EndProject
Global
	GlobalSection(SolutionConfigurationPlatforms) = preSolution
		Debug|Any CPU = Debug|Any CPU
		Release|Any CPU = Release|Any CPU
	EndGlobalSection
	GlobalSection(ProjectConfigurationPlatforms) = postSolution
		{4CC19486-8C1C-49E3-B558-7286D9A6A4D8}.Debug|Any CPU.ActiveCfg = Debug|Any CPU
		{4CC19486-8C1C-49E3-B558-7286D9A6A4D8}.Debug|Any CPU.Build.0 = Debug|Any CPU
		{4CC19486-8C1C-49E3-B558-7286D9A6A4D8}.Release|Any CPU.ActiveCfg = Release|Any CPU
		{4CC19486-8C1C-49E3-B558-7286D9A6A4D8}.Release|Any CPU.Build.0 = Release|Any CPU
		{07984D40-2086-4328-993E-76D6AEF94025}.Debug|Any CPU.ActiveCfg = Debug|Any CPU
		{07984D40-2086-4328-993E-76D6AEF94025}.Debug|Any CPU.Build.0 = Debug|Any CPU
		{07984D40-2086-4328-993E-76D6AEF94025}.Release|Any CPU.ActiveCfg = Release|Any CPU
		{07984D40-2086-4328-993E-76D6AEF94025}.Release|Any CPU.Build.0 = Release|Any CPU
		{DF8FB250-7306-4519-A5D5-9CABBD6491DC}.Debug|Any CPU.ActiveCfg = Debug|Any CPU
		{DF8FB250-7306-4519-A5D5-9CABBD6491DC}.Debug|Any CPU.Build.0 = Debug|Any CPU
		{DF8FB250-7306-4519-A5D5-9CABBD6491DC}.Release|Any CPU.ActiveCfg = Release|Any CPU
		{DF8FB250-7306-4519-A5D5-9CABBD6491DC}.Release|Any CPU.Build.0 = Release|Any CPU
	EndGlobalSection
	GlobalSection(SolutionProperties) = preSolution
		HideSolutionNode = FALSE
	EndGlobalSection
	GlobalSection(ExtensibilityGlobals) = postSolution
		SolutionGuid = {B71CF0B3-B9E7-4D54-85DC-106D3FC6DC6D}
	EndGlobalSection
EndGlobal
