
Microsoft Visual Studio Solution File, Format Version 12.00
# Visual Studio Version 17
VisualStudioVersion = 17.6.33829.357
MinimumVisualStudioVersion = 10.0.40219.1
Project("{FAE04EC0-301F-11D3-BF4B-00C04F79EFBC}") = "sharposkrnl", "sharposkrnl\sharposkrnl.csproj", "{4CC19486-8C1C-49E3-B558-7286D9A6A4D8}"
EndProject
Project("{FAE04EC0-301F-11D3-BF4B-00C04F79EFBC}") = "Boot", "Boot\Boot.csproj", "{07984D40-2086-4328-993E-76D6AEF94025}"
EndProject
Project("{FAE04EC0-301F-11D3-BF4B-00C04F79EFBC}") = "SharpOS.API", "SharpOS.API\SharpOS.API.csproj", "{DF8FB250-7306-4519-A5D5-9CABBD6491DC}"
EndProject
Project("{FAE04EC0-301F-11D3-BF4B-00C04F79EFBC}") = "UserManagement", "UserManagement\UserManagement.csproj", "{DB8ACD9F-F785-4E00-B52D-6C194AB28C56}"
EndProject
Project("{FAE04EC0-301F-11D3-BF4B-00C04F79EFBC}") = "UserManagement.UserCreation", "UserManagement.UserCreation\UserManagement.UserCreation.csproj", "{79D0350F-2A10-4815-BCDD-23ED80E461BF}"
EndProject
Project("{2150E333-8FDC-42A3-9474-1A3956D46DE8}") = "SharpOS Source", "SharpOS Source", "{14545963-178A-4A06-8493-2B244CAE81B6}"
EndProject
Project("{2150E333-8FDC-42A3-9474-1A3956D46DE8}") = "Bootup Projects", "Bootup Projects", "{947ED4C3-92C6-4EE0-B0CF-67498907E7F4}"
EndProject
Project("{2150E333-8FDC-42A3-9474-1A3956D46DE8}") = "User Management", "User Management", "{5E53A9AD-A425-49CA-82A2-3008A80F193C}"
EndProject
Project("{2150E333-8FDC-42A3-9474-1A3956D46DE8}") = "Custom Components", "Custom Components", "{0DBAA052-B8D3-489C-9A2F-A8416EAA9977}"
EndProject
Project("{2150E333-8FDC-42A3-9474-1A3956D46DE8}") = "User Mode Projects", "User Mode Projects", "{C4B5F98F-94F4-4395-9D7F-670D19B0145E}"
EndProject
Project("{FAE04EC0-301F-11D3-BF4B-00C04F79EFBC}") = "Shell", "Shell\Shell.csproj", "{EFBDECE5-54EB-4074-B833-950E222DD5C4}"
EndProject
Global
	GlobalSection(SolutionConfigurationPlatforms) = preSolution
		Debug|Any CPU = Debug|Any CPU
		Release|Any CPU = Release|Any CPU
	EndGlobalSection
	GlobalSection(ProjectConfigurationPlatforms) = postSolution
		{4CC19486-8C1C-49E3-B558-7286D9A6A4D8}.Debug|Any CPU.ActiveCfg = Debug|Any CPU
		{4CC19486-8C1C-49E3-B558-7286D9A6A4D8}.Debug|Any CPU.Build.0 = Debug|Any CPU
		{4CC19486-8C1C-49E3-B558-7286D9A6A4D8}.Release|Any CPU.ActiveCfg = Release|Any CPU
		{4CC19486-8C1C-49E3-B558-7286D9A6A4D8}.Release|Any CPU.Build.0 = Release|Any CPU
		{07984D40-2086-4328-993E-76D6AEF94025}.Debug|Any CPU.ActiveCfg = Debug|Any CPU
		{07984D40-2086-4328-993E-76D6AEF94025}.Debug|Any CPU.Build.0 = Debug|Any CPU
		{07984D40-2086-4328-993E-76D6AEF94025}.Release|Any CPU.ActiveCfg = Release|Any CPU
		{07984D40-2086-4328-993E-76D6AEF94025}.Release|Any CPU.Build.0 = Release|Any CPU
		{DF8FB250-7306-4519-A5D5-9CABBD6491DC}.Debug|Any CPU.ActiveCfg = Debug|Any CPU
		{DF8FB250-7306-4519-A5D5-9CABBD6491DC}.Debug|Any CPU.Build.0 = Debug|Any CPU
		{DF8FB250-7306-4519-A5D5-9CABBD6491DC}.Release|Any CPU.ActiveCfg = Release|Any CPU
		{DF8FB250-7306-4519-A5D5-9CABBD6491DC}.Release|Any CPU.Build.0 = Release|Any CPU
		{DB8ACD9F-F785-4E00-B52D-6C194AB28C56}.Debug|Any CPU.ActiveCfg = Debug|Any CPU
		{DB8ACD9F-F785-4E00-B52D-6C194AB28C56}.Debug|Any CPU.Build.0 = Debug|Any CPU
		{DB8ACD9F-F785-4E00-B52D-6C194AB28C56}.Release|Any CPU.ActiveCfg = Release|Any CPU
		{DB8ACD9F-F785-4E00-B52D-6C194AB28C56}.Release|Any CPU.Build.0 = Release|Any CPU
		{79D0350F-2A10-4815-BCDD-23ED80E461BF}.Debug|Any CPU.ActiveCfg = Debug|Any CPU
		{79D0350F-2A10-4815-BCDD-23ED80E461BF}.Debug|Any CPU.Build.0 = Debug|Any CPU
		{79D0350F-2A10-4815-BCDD-23ED80E461BF}.Release|Any CPU.ActiveCfg = Release|Any CPU
		{79D0350F-2A10-4815-BCDD-23ED80E461BF}.Release|Any CPU.Build.0 = Release|Any CPU
		{EFBDECE5-54EB-4074-B833-950E222DD5C4}.Debug|Any CPU.ActiveCfg = Debug|Any CPU
		{EFBDECE5-54EB-4074-B833-950E222DD5C4}.Debug|Any CPU.Build.0 = Debug|Any CPU
		{EFBDECE5-54EB-4074-B833-950E222DD5C4}.Release|Any CPU.ActiveCfg = Release|Any CPU
		{EFBDECE5-54EB-4074-B833-950E222DD5C4}.Release|Any CPU.Build.0 = Release|Any CPU
	EndGlobalSection
	GlobalSection(SolutionProperties) = preSolution
		HideSolutionNode = FALSE
	EndGlobalSection
	GlobalSection(NestedProjects) = preSolution
		{4CC19486-8C1C-49E3-B558-7286D9A6A4D8} = {947ED4C3-92C6-4EE0-B0CF-67498907E7F4}
		{07984D40-2086-4328-993E-76D6AEF94025} = {947ED4C3-92C6-4EE0-B0CF-67498907E7F4}
		{DF8FB250-7306-4519-A5D5-9CABBD6491DC} = {947ED4C3-92C6-4EE0-B0CF-67498907E7F4}
		{DB8ACD9F-F785-4E00-B52D-6C194AB28C56} = {5E53A9AD-A425-49CA-82A2-3008A80F193C}
		{79D0350F-2A10-4815-BCDD-23ED80E461BF} = {5E53A9AD-A425-49CA-82A2-3008A80F193C}
		{947ED4C3-92C6-4EE0-B0CF-67498907E7F4} = {14545963-178A-4A06-8493-2B244CAE81B6}
		{5E53A9AD-A425-49CA-82A2-3008A80F193C} = {14545963-178A-4A06-8493-2B244CAE81B6}
		{C4B5F98F-94F4-4395-9D7F-670D19B0145E} = {14545963-178A-4A06-8493-2B244CAE81B6}
		{EFBDECE5-54EB-4074-B833-950E222DD5C4} = {C4B5F98F-94F4-4395-9D7F-670D19B0145E}
	EndGlobalSection
	GlobalSection(ExtensibilityGlobals) = postSolution
		SolutionGuid = {B71CF0B3-B9E7-4D54-85DC-106D3FC6DC6D}
	EndGlobalSection
EndGlobal
